
Microsoft Visual Studio Solution File, Format Version 12.00
# Visual Studio 15
VisualStudioVersion = 15.0.28010.2019
MinimumVisualStudioVersion = 10.0.40219.1
Project("{FAE04EC0-301F-11D3-BF4B-00C04F79EFBC}") = "BlazorDemo.Server", "BlazorDemo.Server\BlazorDemo.Server.csproj", "{44F4D80E-B5CD-4542-80E0-38982511748C}"
EndProject
Project("{FAE04EC0-301F-11D3-BF4B-00C04F79EFBC}") = "BlazorDemo.Client", "BlazorDemo.Client\BlazorDemo.Client.csproj", "{4ACED3E6-94DA-4035-A6F7-1FADC3ED3A40}"
EndProject
Project("{FAE04EC0-301F-11D3-BF4B-00C04F79EFBC}") = "BlazorDemo.Shared", "BlazorDemo.Shared\BlazorDemo.Shared.csproj", "{2D5327B8-3F04-49F0-923B-65B6733D28DA}"
EndProject
Global
	GlobalSection(SolutionConfigurationPlatforms) = preSolution
		Debug|Any CPU = Debug|Any CPU
		Release|Any CPU = Release|Any CPU
	EndGlobalSection
	GlobalSection(ProjectConfigurationPlatforms) = postSolution
		{44F4D80E-B5CD-4542-80E0-38982511748C}.Debug|Any CPU.ActiveCfg = Debug|Any CPU
		{44F4D80E-B5CD-4542-80E0-38982511748C}.Debug|Any CPU.Build.0 = Debug|Any CPU
		{44F4D80E-B5CD-4542-80E0-38982511748C}.Release|Any CPU.ActiveCfg = Release|Any CPU
		{44F4D80E-B5CD-4542-80E0-38982511748C}.Release|Any CPU.Build.0 = Release|Any CPU
		{4ACED3E6-94DA-4035-A6F7-1FADC3ED3A40}.Debug|Any CPU.ActiveCfg = Debug|Any CPU
		{4ACED3E6-94DA-4035-A6F7-1FADC3ED3A40}.Debug|Any CPU.Build.0 = Debug|Any CPU
		{4ACED3E6-94DA-4035-A6F7-1FADC3ED3A40}.Release|Any CPU.ActiveCfg = Release|Any CPU
		{4ACED3E6-94DA-4035-A6F7-1FADC3ED3A40}.Release|Any CPU.Build.0 = Release|Any CPU
		{2D5327B8-3F04-49F0-923B-65B6733D28DA}.Debug|Any CPU.ActiveCfg = Debug|Any CPU
		{2D5327B8-3F04-49F0-923B-65B6733D28DA}.Debug|Any CPU.Build.0 = Debug|Any CPU
		{2D5327B8-3F04-49F0-923B-65B6733D28DA}.Release|Any CPU.ActiveCfg = Release|Any CPU
		{2D5327B8-3F04-49F0-923B-65B6733D28DA}.Release|Any CPU.Build.0 = Release|Any CPU
	EndGlobalSection
	GlobalSection(SolutionProperties) = preSolution
		HideSolutionNode = FALSE
	EndGlobalSection
	GlobalSection(ExtensibilityGlobals) = postSolution
		SolutionGuid = {11CE2022-C23B-4231-886F-34138FDB5241}
	EndGlobalSection
EndGlobal
